
Microsoft Visual Studio Solution File, Format Version 12.00
# Visual Studio Version 16
VisualStudioVersion = 16.0.28803.202
MinimumVisualStudioVersion = 10.0.40219.1
Project("{9A19103F-16F7-4668-BE54-9A1E7A4F7556}") = "DatingApp.API", "DatingApp.API.csproj", "{0C696560-A431-4CFE-959A-D2F42F97B45D}"
EndProject
Global
	GlobalSection(SolutionConfigurationPlatforms) = preSolution
		Debug|Any CPU = Debug|Any CPU
		Release|Any CPU = Release|Any CPU
	EndGlobalSection
	GlobalSection(ProjectConfigurationPlatforms) = postSolution
		{0C696560-A431-4CFE-959A-D2F42F97B45D}.Debug|Any CPU.ActiveCfg = Debug|Any CPU
		{0C696560-A431-4CFE-959A-D2F42F97B45D}.Debug|Any CPU.Build.0 = Debug|Any CPU
		{0C696560-A431-4CFE-959A-D2F42F97B45D}.Release|Any CPU.ActiveCfg = Release|Any CPU
		{0C696560-A431-4CFE-959A-D2F42F97B45D}.Release|Any CPU.Build.0 = Release|Any CPU
	EndGlobalSection
	GlobalSection(SolutionProperties) = preSolution
		HideSolutionNode = FALSE
	EndGlobalSection
	GlobalSection(ExtensibilityGlobals) = postSolution
		SolutionGuid = {6C3BB241-2EAC-4736-B087-003A9BB71A88}
	EndGlobalSection
EndGlobal
